// !$*UTF8*$!
{
	archiveVersion = 1;
	classes = {
	};
	objectVersion = 56;
	objects = {

/* Begin PBXBuildFile section */
		55D1334D2B67AD0A00AA846A /* AppDelegate.swift in Sources */ = {isa = PBXBuildFile; fileRef = 55D1334C2B67AD0A00AA846A /* AppDelegate.swift */; };
		55D1334F2B67AD0A00AA846A /* SceneDelegate.swift in Sources */ = {isa = PBXBuildFile; fileRef = 55D1334E2B67AD0A00AA846A /* SceneDelegate.swift */; };
		55D133512B67AD0A00AA846A /* ViewController.swift in Sources */ = {isa = PBXBuildFile; fileRef = 55D133502B67AD0A00AA846A /* ViewController.swift */; };
		55D133542B67AD0A00AA846A /* Main.storyboard in Resources */ = {isa = PBXBuildFile; fileRef = 55D133522B67AD0A00AA846A /* Main.storyboard */; };
		55D133562B67AD0B00AA846A /* Assets.xcassets in Resources */ = {isa = PBXBuildFile; fileRef = 55D133552B67AD0B00AA846A /* Assets.xcassets */; };
		55D133592B67AD0B00AA846A /* LaunchScreen.storyboard in Resources */ = {isa = PBXBuildFile; fileRef = 55D133572B67AD0B00AA846A /* LaunchScreen.storyboard */; };
		55D133642B67AD0C00AA846A /* SpeedCalTests.swift in Sources */ = {isa = PBXBuildFile; fileRef = 55D133632B67AD0C00AA846A /* SpeedCalTests.swift */; };
		55D1336E2B67AD0C00AA846A /* SpeedCalUITests.swift in Sources */ = {isa = PBXBuildFile; fileRef = 55D1336D2B67AD0C00AA846A /* SpeedCalUITests.swift */; };
		55D133702B67AD0C00AA846A /* SpeedCalUITestsLaunchTests.swift in Sources */ = {isa = PBXBuildFile; fileRef = 55D1336F2B67AD0C00AA846A /* SpeedCalUITestsLaunchTests.swift */; };
/* End PBXBuildFile section */

/* Begin PBXContainerItemProxy section */
		55D133602B67AD0C00AA846A /* PBXContainerItemProxy */ = {
			isa = PBXContainerItemProxy;
			containerPortal = 55D133412B67AD0A00AA846A /* Project object */;
			proxyType = 1;
			remoteGlobalIDString = 55D133482B67AD0A00AA846A;
			remoteInfo = SpeedCal;
		};
		55D1336A2B67AD0C00AA846A /* PBXContainerItemProxy */ = {
			isa = PBXContainerItemProxy;
			containerPortal = 55D133412B67AD0A00AA846A /* Project object */;
			proxyType = 1;
			remoteGlobalIDString = 55D133482B67AD0A00AA846A;
			remoteInfo = SpeedCal;
		};
/* End PBXContainerItemProxy section */

/* Begin PBXFileReference section */
		55D133492B67AD0A00AA846A /* SpeedCal.app */ = {isa = PBXFileReference; explicitFileType = wrapper.application; includeInIndex = 0; path = SpeedCal.app; sourceTree = BUILT_PRODUCTS_DIR; };
		55D1334C2B67AD0A00AA846A /* AppDelegate.swift */ = {isa = PBXFileReference; lastKnownFileType = sourcecode.swift; path = AppDelegate.swift; sourceTree = "<group>"; };
		55D1334E2B67AD0A00AA846A /* SceneDelegate.swift */ = {isa = PBXFileReference; lastKnownFileType = sourcecode.swift; path = SceneDelegate.swift; sourceTree = "<group>"; };
		55D133502B67AD0A00AA846A /* ViewController.swift */ = {isa = PBXFileReference; lastKnownFileType = sourcecode.swift; path = ViewController.swift; sourceTree = "<group>"; };
		55D133532B67AD0A00AA846A /* Base */ = {isa = PBXFileReference; lastKnownFileType = file.storyboard; name = Base; path = Base.lproj/Main.storyboard; sourceTree = "<group>"; };
		55D133552B67AD0B00AA846A /* Assets.xcassets */ = {isa = PBXFileReference; lastKnownFileType = folder.assetcatalog; path = Assets.xcassets; sourceTree = "<group>"; };
		55D133582B67AD0B00AA846A /* Base */ = {isa = PBXFileReference; lastKnownFileType = file.storyboard; name = Base; path = Base.lproj/LaunchScreen.storyboard; sourceTree = "<group>"; };
		55D1335A2B67AD0B00AA846A /* Info.plist */ = {isa = PBXFileReference; lastKnownFileType = text.plist.xml; path = Info.plist; sourceTree = "<group>"; };
		55D1335F2B67AD0C00AA846A /* SpeedCalTests.xctest */ = {isa = PBXFileReference; explicitFileType = wrapper.cfbundle; includeInIndex = 0; path = SpeedCalTests.xctest; sourceTree = BUILT_PRODUCTS_DIR; };
		55D133632B67AD0C00AA846A /* SpeedCalTests.swift */ = {isa = PBXFileReference; lastKnownFileType = sourcecode.swift; path = SpeedCalTests.swift; sourceTree = "<group>"; };
		55D133692B67AD0C00AA846A /* SpeedCalUITests.xctest */ = {isa = PBXFileReference; explicitFileType = wrapper.cfbundle; includeInIndex = 0; path = SpeedCalUITests.xctest; sourceTree = BUILT_PRODUCTS_DIR; };
		55D1336D2B67AD0C00AA846A /* SpeedCalUITests.swift */ = {isa = PBXFileReference; lastKnownFileType = sourcecode.swift; path = SpeedCalUITests.swift; sourceTree = "<group>"; };
		55D1336F2B67AD0C00AA846A /* SpeedCalUITestsLaunchTests.swift */ = {isa = PBXFileReference; lastKnownFileType = sourcecode.swift; path = SpeedCalUITestsLaunchTests.swift; sourceTree = "<group>"; };
/* End PBXFileReference section */

/* Begin PBXFrameworksBuildPhase section */
		55D133462B67AD0A00AA846A /* Frameworks */ = {
			isa = PBXFrameworksBuildPhase;
			buildActionMask = 2147483647;
			files = (
			);
			runOnlyForDeploymentPostprocessing = 0;
		};
		55D1335C2B67AD0C00AA846A /* Frameworks */ = {
			isa = PBXFrameworksBuildPhase;
			buildActionMask = 2147483647;
			files = (
			);
			runOnlyForDeploymentPostprocessing = 0;
		};
		55D133662B67AD0C00AA846A /* Frameworks */ = {
			isa = PBXFrameworksBuildPhase;
			buildActionMask = 2147483647;
			files = (
			);
			runOnlyForDeploymentPostprocessing = 0;
		};
/* End PBXFrameworksBuildPhase section */

/* Begin PBXGroup section */
		55D133402B67AD0A00AA846A = {
			isa = PBXGroup;
			children = (
				55D1334B2B67AD0A00AA846A /* SpeedCal */,
				55D133622B67AD0C00AA846A /* SpeedCalTests */,
				55D1336C2B67AD0C00AA846A /* SpeedCalUITests */,
				55D1334A2B67AD0A00AA846A /* Products */,
			);
			sourceTree = "<group>";
		};
		55D1334A2B67AD0A00AA846A /* Products */ = {
			isa = PBXGroup;
			children = (
				55D133492B67AD0A00AA846A /* SpeedCal.app */,
				55D1335F2B67AD0C00AA846A /* SpeedCalTests.xctest */,
				55D133692B67AD0C00AA846A /* SpeedCalUITests.xctest */,
			);
			name = Products;
			sourceTree = "<group>";
		};
		55D1334B2B67AD0A00AA846A /* SpeedCal */ = {
			isa = PBXGroup;
			children = (
				55D1334C2B67AD0A00AA846A /* AppDelegate.swift */,
				55D1334E2B67AD0A00AA846A /* SceneDelegate.swift */,
				55D133502B67AD0A00AA846A /* ViewController.swift */,
				55D133522B67AD0A00AA846A /* Main.storyboard */,
				55D133552B67AD0B00AA846A /* Assets.xcassets */,
				55D133572B67AD0B00AA846A /* LaunchScreen.storyboard */,
				55D1335A2B67AD0B00AA846A /* Info.plist */,
			);
			path = SpeedCal;
			sourceTree = "<group>";
		};
		55D133622B67AD0C00AA846A /* SpeedCalTests */ = {
			isa = PBXGroup;
			children = (
				55D133632B67AD0C00AA846A /* SpeedCalTests.swift */,
			);
			path = SpeedCalTests;
			sourceTree = "<group>";
		};
		55D1336C2B67AD0C00AA846A /* SpeedCalUITests */ = {
			isa = PBXGroup;
			children = (
				55D1336D2B67AD0C00AA846A /* SpeedCalUITests.swift */,
				55D1336F2B67AD0C00AA846A /* SpeedCalUITestsLaunchTests.swift */,
			);
			path = SpeedCalUITests;
			sourceTree = "<group>";
		};
/* End PBXGroup section */

/* Begin PBXNativeTarget section */
		55D133482B67AD0A00AA846A /* SpeedCal */ = {
			isa = PBXNativeTarget;
			buildConfigurationList = 55D133732B67AD0C00AA846A /* Build configuration list for PBXNativeTarget "SpeedCal" */;
			buildPhases = (
				55D133452B67AD0A00AA846A /* Sources */,
				55D133462B67AD0A00AA846A /* Frameworks */,
				55D133472B67AD0A00AA846A /* Resources */,
			);
			buildRules = (
			);
			dependencies = (
			);
			name = SpeedCal;
			productName = SpeedCal;
			productReference = 55D133492B67AD0A00AA846A /* SpeedCal.app */;
			productType = "com.apple.product-type.application";
		};
		55D1335E2B67AD0C00AA846A /* SpeedCalTests */ = {
			isa = PBXNativeTarget;
			buildConfigurationList = 55D133762B67AD0C00AA846A /* Build configuration list for PBXNativeTarget "SpeedCalTests" */;
			buildPhases = (
				55D1335B2B67AD0C00AA846A /* Sources */,
				55D1335C2B67AD0C00AA846A /* Frameworks */,
				55D1335D2B67AD0C00AA846A /* Resources */,
			);
			buildRules = (
			);
			dependencies = (
				55D133612B67AD0C00AA846A /* PBXTargetDependency */,
			);
			name = SpeedCalTests;
			productName = SpeedCalTests;
			productReference = 55D1335F2B67AD0C00AA846A /* SpeedCalTests.xctest */;
			productType = "com.apple.product-type.bundle.unit-test";
		};
		55D133682B67AD0C00AA846A /* SpeedCalUITests */ = {
			isa = PBXNativeTarget;
			buildConfigurationList = 55D133792B67AD0C00AA846A /* Build configuration list for PBXNativeTarget "SpeedCalUITests" */;
			buildPhases = (
				55D133652B67AD0C00AA846A /* Sources */,
				55D133662B67AD0C00AA846A /* Frameworks */,
				55D133672B67AD0C00AA846A /* Resources */,
			);
			buildRules = (
			);
			dependencies = (
				55D1336B2B67AD0C00AA846A /* PBXTargetDependency */,
			);
			name = SpeedCalUITests;
			productName = SpeedCalUITests;
			productReference = 55D133692B67AD0C00AA846A /* SpeedCalUITests.xctest */;
			productType = "com.apple.product-type.bundle.ui-testing";
		};
/* End PBXNativeTarget section */

/* Begin PBXProject section */
		55D133412B67AD0A00AA846A /* Project object */ = {
			isa = PBXProject;
			attributes = {
				BuildIndependentTargetsInParallel = 1;
				LastSwiftUpdateCheck = 1430;
				LastUpgradeCheck = 1430;
				TargetAttributes = {
					55D133482B67AD0A00AA846A = {
						CreatedOnToolsVersion = 14.3.1;
					};
					55D1335E2B67AD0C00AA846A = {
						CreatedOnToolsVersion = 14.3.1;
						TestTargetID = 55D133482B67AD0A00AA846A;
					};
					55D133682B67AD0C00AA846A = {
						CreatedOnToolsVersion = 14.3.1;
						TestTargetID = 55D133482B67AD0A00AA846A;
					};
				};
			};
			buildConfigurationList = 55D133442B67AD0A00AA846A /* Build configuration list for PBXProject "SpeedCal" */;
			compatibilityVersion = "Xcode 14.0";
			developmentRegion = en;
			hasScannedForEncodings = 0;
			knownRegions = (
				en,
				Base,
			);
			mainGroup = 55D133402B67AD0A00AA846A;
			productRefGroup = 55D1334A2B67AD0A00AA846A /* Products */;
			projectDirPath = "";
			projectRoot = "";
			targets = (
				55D133482B67AD0A00AA846A /* SpeedCal */,
				55D1335E2B67AD0C00AA846A /* SpeedCalTests */,
				55D133682B67AD0C00AA846A /* SpeedCalUITests */,
			);
		};
/* End PBXProject section */

/* Begin PBXResourcesBuildPhase section */
		55D133472B67AD0A00AA846A /* Resources */ = {
			isa = PBXResourcesBuildPhase;
			buildActionMask = 2147483647;
			files = (
				55D133592B67AD0B00AA846A /* LaunchScreen.storyboard in Resources */,
				55D133562B67AD0B00AA846A /* Assets.xcassets in Resources */,
				55D133542B67AD0A00AA846A /* Main.storyboard in Resources */,
			);
			runOnlyForDeploymentPostprocessing = 0;
		};
		55D1335D2B67AD0C00AA846A /* Resources */ = {
			isa = PBXResourcesBuildPhase;
			buildActionMask = 2147483647;
			files = (
			);
			runOnlyForDeploymentPostprocessing = 0;
		};
		55D133672B67AD0C00AA846A /* Resources */ = {
			isa = PBXResourcesBuildPhase;
			buildActionMask = 2147483647;
			files = (
			);
			runOnlyForDeploymentPostprocessing = 0;
		};
/* End PBXResourcesBuildPhase section */

/* Begin PBXSourcesBuildPhase section */
		55D133452B67AD0A00AA846A /* Sources */ = {
			isa = PBXSourcesBuildPhase;
			buildActionMask = 2147483647;
			files = (
				55D133512B67AD0A00AA846A /* ViewController.swift in Sources */,
				55D1334D2B67AD0A00AA846A /* AppDelegate.swift in Sources */,
				55D1334F2B67AD0A00AA846A /* SceneDelegate.swift in Sources */,
			);
			runOnlyForDeploymentPostprocessing = 0;
		};
		55D1335B2B67AD0C00AA846A /* Sources */ = {
			isa = PBXSourcesBuildPhase;
			buildActionMask = 2147483647;
			files = (
				55D133642B67AD0C00AA846A /* SpeedCalTests.swift in Sources */,
			);
			runOnlyForDeploymentPostprocessing = 0;
		};
		55D133652B67AD0C00AA846A /* Sources */ = {
			isa = PBXSourcesBuildPhase;
			buildActionMask = 2147483647;
			files = (
				55D133702B67AD0C00AA846A /* SpeedCalUITestsLaunchTests.swift in Sources */,
				55D1336E2B67AD0C00AA846A /* SpeedCalUITests.swift in Sources */,
			);
			runOnlyForDeploymentPostprocessing = 0;
		};
/* End PBXSourcesBuildPhase section */

/* Begin PBXTargetDependency section */
		55D133612B67AD0C00AA846A /* PBXTargetDependency */ = {
			isa = PBXTargetDependency;
			target = 55D133482B67AD0A00AA846A /* SpeedCal */;
			targetProxy = 55D133602B67AD0C00AA846A /* PBXContainerItemProxy */;
		};
		55D1336B2B67AD0C00AA846A /* PBXTargetDependency */ = {
			isa = PBXTargetDependency;
			target = 55D133482B67AD0A00AA846A /* SpeedCal */;
			targetProxy = 55D1336A2B67AD0C00AA846A /* PBXContainerItemProxy */;
		};
/* End PBXTargetDependency section */

/* Begin PBXVariantGroup section */
		55D133522B67AD0A00AA846A /* Main.storyboard */ = {
			isa = PBXVariantGroup;
			children = (
				55D133532B67AD0A00AA846A /* Base */,
			);
			name = Main.storyboard;
			sourceTree = "<group>";
		};
		55D133572B67AD0B00AA846A /* LaunchScreen.storyboard */ = {
			isa = PBXVariantGroup;
			children = (
				55D133582B67AD0B00AA846A /* Base */,
			);
			name = LaunchScreen.storyboard;
			sourceTree = "<group>";
		};
/* End PBXVariantGroup section */

/* Begin XCBuildConfiguration section */
		55D133712B67AD0C00AA846A /* Debug */ = {
			isa = XCBuildConfiguration;
			buildSettings = {
				ALWAYS_SEARCH_USER_PATHS = NO;
				CLANG_ANALYZER_NONNULL = YES;
				CLANG_ANALYZER_NUMBER_OBJECT_CONVERSION = YES_AGGRESSIVE;
				CLANG_CXX_LANGUAGE_STANDARD = "gnu++20";
				CLANG_ENABLE_MODULES = YES;
				CLANG_ENABLE_OBJC_ARC = YES;
				CLANG_ENABLE_OBJC_WEAK = YES;
				CLANG_WARN_BLOCK_CAPTURE_AUTORELEASING = YES;
				CLANG_WARN_BOOL_CONVERSION = YES;
				CLANG_WARN_COMMA = YES;
				CLANG_WARN_CONSTANT_CONVERSION = YES;
				CLANG_WARN_DEPRECATED_OBJC_IMPLEMENTATIONS = YES;
				CLANG_WARN_DIRECT_OBJC_ISA_USAGE = YES_ERROR;
				CLANG_WARN_DOCUMENTATION_COMMENTS = YES;
				CLANG_WARN_EMPTY_BODY = YES;
				CLANG_WARN_ENUM_CONVERSION = YES;
				CLANG_WARN_INFINITE_RECURSION = YES;
				CLANG_WARN_INT_CONVERSION = YES;
				CLANG_WARN_NON_LITERAL_NULL_CONVERSION = YES;
				CLANG_WARN_OBJC_IMPLICIT_RETAIN_SELF = YES;
				CLANG_WARN_OBJC_LITERAL_CONVERSION = YES;
				CLANG_WARN_OBJC_ROOT_CLASS = YES_ERROR;
				CLANG_WARN_QUOTED_INCLUDE_IN_FRAMEWORK_HEADER = YES;
				CLANG_WARN_RANGE_LOOP_ANALYSIS = YES;
				CLANG_WARN_STRICT_PROTOTYPES = YES;
				CLANG_WARN_SUSPICIOUS_MOVE = YES;
				CLANG_WARN_UNGUARDED_AVAILABILITY = YES_AGGRESSIVE;
				CLANG_WARN_UNREACHABLE_CODE = YES;
				CLANG_WARN__DUPLICATE_METHOD_MATCH = YES;
				COPY_PHASE_STRIP = NO;
				DEBUG_INFORMATION_FORMAT = dwarf;
				ENABLE_STRICT_OBJC_MSGSEND = YES;
				ENABLE_TESTABILITY = YES;
				GCC_C_LANGUAGE_STANDARD = gnu11;
				GCC_DYNAMIC_NO_PIC = NO;
				GCC_NO_COMMON_BLOCKS = YES;
				GCC_OPTIMIZATION_LEVEL = 0;
				GCC_PREPROCESSOR_DEFINITIONS = (
					"DEBUG=1",
					"$(inherited)",
				);
				GCC_WARN_64_TO_32_BIT_CONVERSION = YES;
				GCC_WARN_ABOUT_RETURN_TYPE = YES_ERROR;
				GCC_WARN_UNDECLARED_SELECTOR = YES;
				GCC_WARN_UNINITIALIZED_AUTOS = YES_AGGRESSIVE;
				GCC_WARN_UNUSED_FUNCTION = YES;
				GCC_WARN_UNUSED_VARIABLE = YES;
				IPHONEOS_DEPLOYMENT_TARGET = 16.4;
				MTL_ENABLE_DEBUG_INFO = INCLUDE_SOURCE;
				MTL_FAST_MATH = YES;
				ONLY_ACTIVE_ARCH = YES;
				SDKROOT = iphoneos;
				SWIFT_ACTIVE_COMPILATION_CONDITIONS = DEBUG;
				SWIFT_OPTIMIZATION_LEVEL = "-Onone";
			};
			name = Debug;
		};
		55D133722B67AD0C00AA846A /* Release */ = {
			isa = XCBuildConfiguration;
			buildSettings = {
				ALWAYS_SEARCH_USER_PATHS = NO;
				CLANG_ANALYZER_NONNULL = YES;
				CLANG_ANALYZER_NUMBER_OBJECT_CONVERSION = YES_AGGRESSIVE;
				CLANG_CXX_LANGUAGE_STANDARD = "gnu++20";
				CLANG_ENABLE_MODULES = YES;
				CLANG_ENABLE_OBJC_ARC = YES;
				CLANG_ENABLE_OBJC_WEAK = YES;
				CLANG_WARN_BLOCK_CAPTURE_AUTORELEASING = YES;
				CLANG_WARN_BOOL_CONVERSION = YES;
				CLANG_WARN_COMMA = YES;
				CLANG_WARN_CONSTANT_CONVERSION = YES;
				CLANG_WARN_DEPRECATED_OBJC_IMPLEMENTATIONS = YES;
				CLANG_WARN_DIRECT_OBJC_ISA_USAGE = YES_ERROR;
				CLANG_WARN_DOCUMENTATION_COMMENTS = YES;
				CLANG_WARN_EMPTY_BODY = YES;
				CLANG_WARN_ENUM_CONVERSION = YES;
				CLANG_WARN_INFINITE_RECURSION = YES;
				CLANG_WARN_INT_CONVERSION = YES;
				CLANG_WARN_NON_LITERAL_NULL_CONVERSION = YES;
				CLANG_WARN_OBJC_IMPLICIT_RETAIN_SELF = YES;
				CLANG_WARN_OBJC_LITERAL_CONVERSION = YES;
				CLANG_WARN_OBJC_ROOT_CLASS = YES_ERROR;
				CLANG_WARN_QUOTED_INCLUDE_IN_FRAMEWORK_HEADER = YES;
				CLANG_WARN_RANGE_LOOP_ANALYSIS = YES;
				CLANG_WARN_STRICT_PROTOTYPES = YES;
				CLANG_WARN_SUSPICIOUS_MOVE = YES;
				CLANG_WARN_UNGUARDED_AVAILABILITY = YES_AGGRESSIVE;
				CLANG_WARN_UNREACHABLE_CODE = YES;
				CLANG_WARN__DUPLICATE_METHOD_MATCH = YES;
				COPY_PHASE_STRIP = NO;
				DEBUG_INFORMATION_FORMAT = "dwarf-with-dsym";
				ENABLE_NS_ASSERTIONS = NO;
				ENABLE_STRICT_OBJC_MSGSEND = YES;
				GCC_C_LANGUAGE_STANDARD = gnu11;
				GCC_NO_COMMON_BLOCKS = YES;
				GCC_WARN_64_TO_32_BIT_CONVERSION = YES;
				GCC_WARN_ABOUT_RETURN_TYPE = YES_ERROR;
				GCC_WARN_UNDECLARED_SELECTOR = YES;
				GCC_WARN_UNINITIALIZED_AUTOS = YES_AGGRESSIVE;
				GCC_WARN_UNUSED_FUNCTION = YES;
				GCC_WARN_UNUSED_VARIABLE = YES;
				IPHONEOS_DEPLOYMENT_TARGET = 16.4;
				MTL_ENABLE_DEBUG_INFO = NO;
				MTL_FAST_MATH = YES;
				SDKROOT = iphoneos;
				SWIFT_COMPILATION_MODE = wholemodule;
				SWIFT_OPTIMIZATION_LEVEL = "-O";
				VALIDATE_PRODUCT = YES;
			};
			name = Release;
		};
		55D133742B67AD0C00AA846A /* Debug */ = {
			isa = XCBuildConfiguration;
			buildSettings = {
				ASSETCATALOG_COMPILER_APPICON_NAME = AppIcon;
				ASSETCATALOG_COMPILER_GLOBAL_ACCENT_COLOR_NAME = AccentColor;
				CODE_SIGN_STYLE = Automatic;
				CURRENT_PROJECT_VERSION = 1;
				GENERATE_INFOPLIST_FILE = YES;
				INFOPLIST_FILE = SpeedCal/Info.plist;
				INFOPLIST_KEY_UIApplicationSupportsIndirectInputEvents = YES;
				INFOPLIST_KEY_UILaunchStoryboardName = LaunchScreen;
				INFOPLIST_KEY_UIMainStoryboardFile = Main;
				INFOPLIST_KEY_UISupportedInterfaceOrientations_iPad = "UIInterfaceOrientationPortrait UIInterfaceOrientationPortraitUpsideDown UIInterfaceOrientationLandscapeLeft UIInterfaceOrientationLandscapeRight";
				INFOPLIST_KEY_UISupportedInterfaceOrientations_iPhone = "UIInterfaceOrientationPortrait UIInterfaceOrientationLandscapeLeft UIInterfaceOrientationLandscapeRight";
				LD_RUNPATH_SEARCH_PATHS = (
					"$(inherited)",
					"@executable_path/Frameworks",
				);
				MARKETING_VERSION = 1.0;
				PRODUCT_BUNDLE_IDENTIFIER = com.pvn.SpeedCal;
				PRODUCT_NAME = "$(TARGET_NAME)";
				SWIFT_EMIT_LOC_STRINGS = YES;
				SWIFT_VERSION = 5.0;
				TARGETED_DEVICE_FAMILY = "1,2";
			};
			name = Debug;
		};
		55D133752B67AD0C00AA846A /* Release */ = {
			isa = XCBuildConfiguration;
			buildSettings = {
				ASSETCATALOG_COMPILER_APPICON_NAME = AppIcon;
				ASSETCATALOG_COMPILER_GLOBAL_ACCENT_COLOR_NAME = AccentColor;
				CODE_SIGN_STYLE = Automatic;
				CURRENT_PROJECT_VERSION = 1;
				GENERATE_INFOPLIST_FILE = YES;
				INFOPLIST_FILE = SpeedCal/Info.plist;
				INFOPLIST_KEY_UIApplicationSupportsIndirectInputEvents = YES;
				INFOPLIST_KEY_UILaunchStoryboardName = LaunchScreen;
				INFOPLIST_KEY_UIMainStoryboardFile = Main;
				INFOPLIST_KEY_UISupportedInterfaceOrientations_iPad = "UIInterfaceOrientationPortrait UIInterfaceOrientationPortraitUpsideDown UIInterfaceOrientationLandscapeLeft UIInterfaceOrientationLandscapeRight";
				INFOPLIST_KEY_UISupportedInterfaceOrientations_iPhone = "UIInterfaceOrientationPortrait UIInterfaceOrientationLandscapeLeft UIInterfaceOrientationLandscapeRight";
				LD_RUNPATH_SEARCH_PATHS = (
					"$(inherited)",
					"@executable_path/Frameworks",
				);
				MARKETING_VERSION = 1.0;
				PRODUCT_BUNDLE_IDENTIFIER = com.pvn.SpeedCal;
				PRODUCT_NAME = "$(TARGET_NAME)";
				SWIFT_EMIT_LOC_STRINGS = YES;
				SWIFT_VERSION = 5.0;
				TARGETED_DEVICE_FAMILY = "1,2";
			};
			name = Release;
		};
		55D133772B67AD0C00AA846A /* Debug */ = {
			isa = XCBuildConfiguration;
			buildSettings = {
				ALWAYS_EMBED_SWIFT_STANDARD_LIBRARIES = YES;
				BUNDLE_LOADER = "$(TEST_HOST)";
				CODE_SIGN_STYLE = Automatic;
				CURRENT_PROJECT_VERSION = 1;
				GENERATE_INFOPLIST_FILE = YES;
				IPHONEOS_DEPLOYMENT_TARGET = 16.4;
				MARKETING_VERSION = 1.0;
				PRODUCT_BUNDLE_IDENTIFIER = com.pvn.SpeedCalTests;
				PRODUCT_NAME = "$(TARGET_NAME)";
				SWIFT_EMIT_LOC_STRINGS = NO;
				SWIFT_VERSION = 5.0;
				TARGETED_DEVICE_FAMILY = "1,2";
				TEST_HOST = "$(BUILT_PRODUCTS_DIR)/SpeedCal.app/$(BUNDLE_EXECUTABLE_FOLDER_PATH)/SpeedCal";
			};
			name = Debug;
		};
		55D133782B67AD0C00AA846A /* Release */ = {
			isa = XCBuildConfiguration;
			buildSettings = {
				ALWAYS_EMBED_SWIFT_STANDARD_LIBRARIES = YES;
				BUNDLE_LOADER = "$(TEST_HOST)";
				CODE_SIGN_STYLE = Automatic;
				CURRENT_PROJECT_VERSION = 1;
				GENERATE_INFOPLIST_FILE = YES;
				IPHONEOS_DEPLOYMENT_TARGET = 16.4;
				MARKETING_VERSION = 1.0;
				PRODUCT_BUNDLE_IDENTIFIER = com.pvn.SpeedCalTests;
				PRODUCT_NAME = "$(TARGET_NAME)";
				SWIFT_EMIT_LOC_STRINGS = NO;
				SWIFT_VERSION = 5.0;
				TARGETED_DEVICE_FAMILY = "1,2";
				TEST_HOST = "$(BUILT_PRODUCTS_DIR)/SpeedCal.app/$(BUNDLE_EXECUTABLE_FOLDER_PATH)/SpeedCal";
			};
			name = Release;
		};
		55D1337A2B67AD0C00AA846A /* Debug */ = {
			isa = XCBuildConfiguration;
			buildSettings = {
				ALWAYS_EMBED_SWIFT_STANDARD_LIBRARIES = YES;
				CODE_SIGN_STYLE = Automatic;
				CURRENT_PROJECT_VERSION = 1;
				GENERATE_INFOPLIST_FILE = YES;
				MARKETING_VERSION = 1.0;
				PRODUCT_BUNDLE_IDENTIFIER = com.pvn.SpeedCalUITests;
				PRODUCT_NAME = "$(TARGET_NAME)";
				SWIFT_EMIT_LOC_STRINGS = NO;
				SWIFT_VERSION = 5.0;
				TARGETED_DEVICE_FAMILY = "1,2";
				TEST_TARGET_NAME = SpeedCal;
			};
			name = Debug;
		};
		55D1337B2B67AD0C00AA846A /* Release */ = {
			isa = XCBuildConfiguration;
			buildSettings = {
				ALWAYS_EMBED_SWIFT_STANDARD_LIBRARIES = YES;
				CODE_SIGN_STYLE = Automatic;
				CURRENT_PROJECT_VERSION = 1;
				GENERATE_INFOPLIST_FILE = YES;
				MARKETING_VERSION = 1.0;
				PRODUCT_BUNDLE_IDENTIFIER = com.pvn.SpeedCalUITests;
				PRODUCT_NAME = "$(TARGET_NAME)";
				SWIFT_EMIT_LOC_STRINGS = NO;
				SWIFT_VERSION = 5.0;
				TARGETED_DEVICE_FAMILY = "1,2";
				TEST_TARGET_NAME = SpeedCal;
			};
			name = Release;
		};
/* End XCBuildConfiguration section */

/* Begin XCConfigurationList section */
		55D133442B67AD0A00AA846A /* Build configuration list for PBXProject "SpeedCal" */ = {
			isa = XCConfigurationList;
			buildConfigurations = (
				55D133712B67AD0C00AA846A /* Debug */,
				55D133722B67AD0C00AA846A /* Release */,
			);
			defaultConfigurationIsVisible = 0;
			defaultConfigurationName = Release;
		};
		55D133732B67AD0C00AA846A /* Build configuration list for PBXNativeTarget "SpeedCal" */ = {
			isa = XCConfigurationList;
			buildConfigurations = (
				55D133742B67AD0C00AA846A /* Debug */,
				55D133752B67AD0C00AA846A /* Release */,
			);
			defaultConfigurationIsVisible = 0;
			defaultConfigurationName = Release;
		};
		55D133762B67AD0C00AA846A /* Build configuration list for PBXNativeTarget "SpeedCalTests" */ = {
			isa = XCConfigurationList;
			buildConfigurations = (
				55D133772B67AD0C00AA846A /* Debug */,
				55D133782B67AD0C00AA846A /* Release */,
			);
			defaultConfigurationIsVisible = 0;
			defaultConfigurationName = Release;
		};
		55D133792B67AD0C00AA846A /* Build configuration list for PBXNativeTarget "SpeedCalUITests" */ = {
			isa = XCConfigurationList;
			buildConfigurations = (
				55D1337A2B67AD0C00AA846A /* Debug */,
				55D1337B2B67AD0C00AA846A /* Release */,
			);
			defaultConfigurationIsVisible = 0;
			defaultConfigurationName = Release;
		};
/* End XCConfigurationList section */
	};
	rootObject = 55D133412B67AD0A00AA846A /* Project object */;
}
